
Microsoft Visual Studio Solution File, Format Version 12.00
# Visual Studio Version 17
VisualStudioVersion = 17.5.33516.290
MinimumVisualStudioVersion = 10.0.40219.1
Project("{FAE04EC0-301F-11D3-BF4B-00C04F79EFBC}") = "TowerDefense", "TowerDefense\TowerDefense.csproj", "{A7C9C0FF-9AF2-4B23-AE5D-FAFCB7E63320}"
EndProject
Global
	GlobalSection(SolutionConfigurationPlatforms) = preSolution
		Debug|Any CPU = Debug|Any CPU
		Release|Any CPU = Release|Any CPU
	EndGlobalSection
	GlobalSection(ProjectConfigurationPlatforms) = postSolution
		{A7C9C0FF-9AF2-4B23-AE5D-FAFCB7E63320}.Debug|Any CPU.ActiveCfg = Debug|Any CPU
		{A7C9C0FF-9AF2-4B23-AE5D-FAFCB7E63320}.Debug|Any CPU.Build.0 = Debug|Any CPU
		{A7C9C0FF-9AF2-4B23-AE5D-FAFCB7E63320}.Release|Any CPU.ActiveCfg = Release|Any CPU
		{A7C9C0FF-9AF2-4B23-AE5D-FAFCB7E63320}.Release|Any CPU.Build.0 = Release|Any CPU
	EndGlobalSection
	GlobalSection(SolutionProperties) = preSolution
		HideSolutionNode = FALSE
	EndGlobalSection
	GlobalSection(ExtensibilityGlobals) = postSolution
		SolutionGuid = {42009ED5-113A-417E-9791-0DFADF6EEDB9}
	EndGlobalSection
EndGlobal
